
Microsoft Visual Studio Solution File, Format Version 12.00
# Visual Studio Version 16
VisualStudioVersion = 16.0.31605.320
MinimumVisualStudioVersion = 10.0.40219.1
Project("{9A19103F-16F7-4668-BE54-9A1E7A4F7556}") = "Musica.Web", "Musica.Web\Musica.Web.csproj", "{1A40FF69-0793-45B8-A498-11D24A83C641}"
EndProject
Project("{9A19103F-16F7-4668-BE54-9A1E7A4F7556}") = "Musica.Data", "Musica.Data\Musica.Data.csproj", "{8D10EE0C-A432-47A5-B8A1-3BF2E7577400}"
EndProject
Project("{9A19103F-16F7-4668-BE54-9A1E7A4F7556}") = "Musica.Domain", "Musica.Domain\Musica.Domain.csproj", "{E3018062-CDCF-4BFB-BDED-B82F039C3DA2}"
EndProject
Project("{9A19103F-16F7-4668-BE54-9A1E7A4F7556}") = "Musica.Utils", "Musica.Utils\Musica.Utils.csproj", "{D3928B4E-D779-4EEF-B59C-224F3A44FB8E}"
EndProject
Global
	GlobalSection(SolutionConfigurationPlatforms) = preSolution
		Debug|Any CPU = Debug|Any CPU
		Release|Any CPU = Release|Any CPU
	EndGlobalSection
	GlobalSection(ProjectConfigurationPlatforms) = postSolution
		{1A40FF69-0793-45B8-A498-11D24A83C641}.Debug|Any CPU.ActiveCfg = Debug|Any CPU
		{1A40FF69-0793-45B8-A498-11D24A83C641}.Debug|Any CPU.Build.0 = Debug|Any CPU
		{1A40FF69-0793-45B8-A498-11D24A83C641}.Release|Any CPU.ActiveCfg = Release|Any CPU
		{1A40FF69-0793-45B8-A498-11D24A83C641}.Release|Any CPU.Build.0 = Release|Any CPU
		{8D10EE0C-A432-47A5-B8A1-3BF2E7577400}.Debug|Any CPU.ActiveCfg = Debug|Any CPU
		{8D10EE0C-A432-47A5-B8A1-3BF2E7577400}.Debug|Any CPU.Build.0 = Debug|Any CPU
		{8D10EE0C-A432-47A5-B8A1-3BF2E7577400}.Release|Any CPU.ActiveCfg = Release|Any CPU
		{8D10EE0C-A432-47A5-B8A1-3BF2E7577400}.Release|Any CPU.Build.0 = Release|Any CPU
		{E3018062-CDCF-4BFB-BDED-B82F039C3DA2}.Debug|Any CPU.ActiveCfg = Debug|Any CPU
		{E3018062-CDCF-4BFB-BDED-B82F039C3DA2}.Debug|Any CPU.Build.0 = Debug|Any CPU
		{E3018062-CDCF-4BFB-BDED-B82F039C3DA2}.Release|Any CPU.ActiveCfg = Release|Any CPU
		{E3018062-CDCF-4BFB-BDED-B82F039C3DA2}.Release|Any CPU.Build.0 = Release|Any CPU
		{D3928B4E-D779-4EEF-B59C-224F3A44FB8E}.Debug|Any CPU.ActiveCfg = Debug|Any CPU
		{D3928B4E-D779-4EEF-B59C-224F3A44FB8E}.Debug|Any CPU.Build.0 = Debug|Any CPU
		{D3928B4E-D779-4EEF-B59C-224F3A44FB8E}.Release|Any CPU.ActiveCfg = Release|Any CPU
		{D3928B4E-D779-4EEF-B59C-224F3A44FB8E}.Release|Any CPU.Build.0 = Release|Any CPU
	EndGlobalSection
	GlobalSection(SolutionProperties) = preSolution
		HideSolutionNode = FALSE
	EndGlobalSection
	GlobalSection(ExtensibilityGlobals) = postSolution
		SolutionGuid = {7E16E8BF-A5E4-458B-8195-8FF626659435}
	EndGlobalSection
EndGlobal
